
Microsoft Visual Studio Solution File, Format Version 12.00
# Visual Studio Version 16
VisualStudioVersion = 16.0.30204.135
MinimumVisualStudioVersion = 10.0.40219.1
Project("{FAE04EC0-301F-11D3-BF4B-00C04F79EFBC}") = "MVVM.Android", "MVVM\MVVM.Android\MVVM.Android.csproj", "{1BA8555C-AD19-4664-A65D-A48143CE8644}"
EndProject
Project("{FAE04EC0-301F-11D3-BF4B-00C04F79EFBC}") = "MVVM", "MVVM\MVVM\MVVM.csproj", "{EEB2C8B2-48FF-4AC5-B723-EDCA87029C3C}"
EndProject
Global
	GlobalSection(SolutionConfigurationPlatforms) = preSolution
		Debug|Any CPU = Debug|Any CPU
		Release|Any CPU = Release|Any CPU
	EndGlobalSection
	GlobalSection(ProjectConfigurationPlatforms) = postSolution
		{1BA8555C-AD19-4664-A65D-A48143CE8644}.Debug|Any CPU.ActiveCfg = Debug|Any CPU
		{1BA8555C-AD19-4664-A65D-A48143CE8644}.Debug|Any CPU.Build.0 = Debug|Any CPU
		{1BA8555C-AD19-4664-A65D-A48143CE8644}.Debug|Any CPU.Deploy.0 = Debug|Any CPU
		{1BA8555C-AD19-4664-A65D-A48143CE8644}.Release|Any CPU.ActiveCfg = Release|Any CPU
		{1BA8555C-AD19-4664-A65D-A48143CE8644}.Release|Any CPU.Build.0 = Release|Any CPU
		{1BA8555C-AD19-4664-A65D-A48143CE8644}.Release|Any CPU.Deploy.0 = Release|Any CPU
		{EEB2C8B2-48FF-4AC5-B723-EDCA87029C3C}.Debug|Any CPU.ActiveCfg = Debug|Any CPU
		{EEB2C8B2-48FF-4AC5-B723-EDCA87029C3C}.Debug|Any CPU.Build.0 = Debug|Any CPU
		{EEB2C8B2-48FF-4AC5-B723-EDCA87029C3C}.Debug|Any CPU.Deploy.0 = Debug|Any CPU
		{EEB2C8B2-48FF-4AC5-B723-EDCA87029C3C}.Release|Any CPU.ActiveCfg = Release|Any CPU
		{EEB2C8B2-48FF-4AC5-B723-EDCA87029C3C}.Release|Any CPU.Build.0 = Release|Any CPU
		{EEB2C8B2-48FF-4AC5-B723-EDCA87029C3C}.Release|Any CPU.Deploy.0 = Release|Any CPU
	EndGlobalSection
	GlobalSection(SolutionProperties) = preSolution
		HideSolutionNode = FALSE
	EndGlobalSection
	GlobalSection(ExtensibilityGlobals) = postSolution
		SolutionGuid = {E0ED3477-F003-4786-9886-E5A0C92B0B9E}
	EndGlobalSection
EndGlobal
